dependencies:
  idf:
    source:
      type: idf
    version: 5.5.3
  lvgl/lvgl:
    component_hash: d7c1ac037ae6e85d94897f807d6e7ba0946a83e720074fc95a4f6241da9f9f53
    dependencies: []
    source:
      registry_url: https://components.espressif.com/
      type: service
    version: 8.4.0
direct_dependencies:
- idf
- lvgl/lvgl
manifest_hash: 4cc049875cecb09887d851199f0976eb2a2ddda988c416d43223d68729a0a902
target: esp32h2
version: 2.0.0
